
Microsoft Visual Studio Solution File, Format Version 12.00
# Visual Studio Version 16
VisualStudioVersion = 16.0.29806.167
MinimumVisualStudioVersion = 10.0.40219.1
Project("{FAE04EC0-301F-11D3-BF4B-00C04F79EFBC}") = "Taller6", "Taller6.csproj", "{0C0A7FF1-078F-458E-868F-BE687DE21C54}"
EndProject
Global
	GlobalSection(SolutionConfigurationPlatforms) = preSolution
		Debug|Any CPU = Debug|Any CPU
		Release|Any CPU = Release|Any CPU
	EndGlobalSection
	GlobalSection(ProjectConfigurationPlatforms) = postSolution
		{0C0A7FF1-078F-458E-868F-BE687DE21C54}.Debug|Any CPU.ActiveCfg = Debug|Any CPU
		{0C0A7FF1-078F-458E-868F-BE687DE21C54}.Debug|Any CPU.Build.0 = Debug|Any CPU
		{0C0A7FF1-078F-458E-868F-BE687DE21C54}.Release|Any CPU.ActiveCfg = Release|Any CPU
		{0C0A7FF1-078F-458E-868F-BE687DE21C54}.Release|Any CPU.Build.0 = Release|Any CPU
	EndGlobalSection
	GlobalSection(SolutionProperties) = preSolution
		HideSolutionNode = FALSE
	EndGlobalSection
	GlobalSection(ExtensibilityGlobals) = postSolution
		SolutionGuid = {BDF52A56-BCFA-4D5E-9534-7A35A69DFDA2}
	EndGlobalSection
EndGlobal
