
Microsoft Visual Studio Solution File, Format Version 12.00
# Visual Studio 15
Project("{FAE04EC0-301F-11D3-BF4B-00C04F79EFBC}") = "taller3", "taller3\taller3.csproj", "{9F2D50E8-ED94-4AD4-97AE-05244EA0BFA9}"
EndProject
Global
	GlobalSection(SolutionConfigurationPlatforms) = preSolution
		Debug|Any CPU = Debug|Any CPU
		Release|Any CPU = Release|Any CPU
	EndGlobalSection
	GlobalSection(ProjectConfigurationPlatforms) = postSolution
		{9F2D50E8-ED94-4AD4-97AE-05244EA0BFA9}.Debug|Any CPU.ActiveCfg = Debug|Any CPU
		{9F2D50E8-ED94-4AD4-97AE-05244EA0BFA9}.Debug|Any CPU.Build.0 = Debug|Any CPU
		{9F2D50E8-ED94-4AD4-97AE-05244EA0BFA9}.Release|Any CPU.ActiveCfg = Release|Any CPU
		{9F2D50E8-ED94-4AD4-97AE-05244EA0BFA9}.Release|Any CPU.Build.0 = Release|Any CPU
	EndGlobalSection
EndGlobal
